{
  "nodes": {
    "nixpkgs": {
      "locked": {
        "lastModified": 1673345971,
        "narHash": "sha256-4DfFcKLRfVUTyuGrGNNmw37IeIZSoku9tgTVmu/iD98=",
        "owner": "NixOS",
        "repo": "nixpkgs",
        "rev": "54644f409ab471e87014bb305eac8c50190bcf48",
        "type": "github"
      },
      "original": {
        "owner": "NixOS",
        "ref": "nixos-22.11",
        "repo": "nixpkgs",
        "type": "github"
      }
    },
    "root": {
      "inputs": {
        "nixpkgs": "nixpkgs"
      }
    }
  },
  "root": "root",
  "version": 7
}
