{
  "name": "lucide_icons",
  "version": "0.1.0",
  "lockfileVersion": 3,
  "requires": true,
  "packages": {
    "": {
      "name": "lucide_icons",
      "version": "0.1.0",
      "license": "BSD-3-Clause",
      "dependencies": {
        "lucide-static": "1.21.0"
      }
    },
    "node_modules/lucide-static": {
      "version": "1.21.0",
      "resolved": "https://registry.npmjs.org/lucide-static/-/lucide-static-1.21.0.tgz",
      "integrity": "sha512-6248z2/4sEyKkYAPPUYxOPiB2RCfMmLdMHuoOhsTFnoD40ixAoHmTVhOPux8ADa1NTBmzpEKF7WNePm+Ms503Q==",
      "license": "ISC"
    }
  }
}
