{
  "name": "lucide_icons",
  "version": "0.1.0",
  "lockfileVersion": 3,
  "requires": true,
  "packages": {
    "": {
      "name": "lucide_icons",
      "version": "0.1.0",
      "license": "BSD-3-Clause",
      "dependencies": {
        "lucide-static": "0.577.0"
      }
    },
    "node_modules/lucide-static": {
      "version": "0.577.0",
      "resolved": "https://registry.npmjs.org/lucide-static/-/lucide-static-0.577.0.tgz",
      "integrity": "sha512-hx39J5Tq4JWF2ALY+5YRg+SxQLpeAmLJDXNcqiBJH/UuVwp43it9fyki/onZO7AVFgG5ZbB+fWwZR9mwGHE2XQ==",
      "license": "ISC"
    }
  }
}
