{
  "name": "lucide_icons",
  "version": "0.1.0",
  "lockfileVersion": 3,
  "requires": true,
  "packages": {
    "": {
      "name": "lucide_icons",
      "version": "0.1.0",
      "license": "BSD-3-Clause",
      "dependencies": {
        "lucide-static": "1.16.0"
      }
    },
    "node_modules/lucide-static": {
      "version": "1.16.0",
      "resolved": "https://registry.npmjs.org/lucide-static/-/lucide-static-1.16.0.tgz",
      "integrity": "sha512-/EH96rDLRLNKaxuhqHHbmUPx3+qHS/kQRzI1ZGZqnxmh6ljX9yX0xC2UZlQSfBE/n84eNIaxKsv9P8sMiOdCww==",
      "license": "ISC"
    }
  }
}
