# THIS IS AN AUTOGENERATED FILE. DO NOT EDIT THIS FILE DIRECTLY.
# yarn lockfile v1


lucide-static@^0.104.0:
  version "0.104.0"
  resolved "https://registry.yarnpkg.com/lucide-static/-/lucide-static-0.104.0.tgz#728e6a790b5950e01d3c350dc6152859f1fe99f9"
  integrity sha512-wDXjhO4vx3aT24s9t7RL02JLuzhXLCKFelQTcPyw05aRm5YNgPEENVZoePntXrpf20eKXW8UJr6laCfK7AULvg==
