# THIS IS AN AUTOGENERATED FILE. DO NOT EDIT THIS FILE DIRECTLY.
# yarn lockfile v1


lucide-static@^0.301.0:
  version "0.301.0"
  resolved "https://registry.yarnpkg.com/lucide-static/-/lucide-static-0.301.0.tgz#5fb341705131d70d03684763b663d60339025e0f"
  integrity sha512-7wr50st0GGfny0gxKYhF6Oh1jF3tzHvxbsr4nTME5sGwzxDEDDeP4JxlNss3DeXB8l7dQPS5z98ui/97Crb5AQ==
